{
    "_meta": {
        "hash": {
            "sha256": "24db7cfa4ec8a7494aeb04c109bbfbda11cc76549325b73831c6f047f37f4e5d"
        },
        "host-environment-markers": {
            "implementation_name": "cpython",
            "implementation_version": "3.6.3",
            "os_name": "posix",
            "platform_machine": "x86_64",
            "platform_python_implementation": "CPython",
            "platform_release": "4.13.15-200.fc26.x86_64",
            "platform_system": "Linux",
            "platform_version": "#1 SMP Tue Nov 21 21:10:40 UTC 2017",
            "python_full_version": "3.6.3",
            "python_version": "3.6",
            "sys_platform": "linux"
        },
        "pipfile-spec": 6,
        "requires": {},
        "sources": [
            {
                "name": "pypi",
                "url": "https://pypi.python.org/simple",
                "verify_ssl": true
            }
        ]
    },
    "default": {
        "certifi": {
            "hashes": [
                "sha256:14131608ad2fd56836d33a71ee60fa1c82bc9d2c8d98b7bdbc631fe1b3cd1296",
                "sha256:edbc3f203427eef571f79a7692bb160a2b0f7ccaa31953e99bd17e307cf63f7d"
            ],
            "version": "==2018.1.18"
        },
        "chardet": {
            "hashes": [
                "sha256:fc323ffcaeaed0e0a02bf4d117757b98aed530d9ed4531e3e15460124c106691",
                "sha256:84ab92ed1c4d4f16916e05906b6b75a6c0fb5db821cc65e70cbd64a3e2a5eaae"
            ],
            "version": "==3.0.4"
        },
        "click": {
            "hashes": [
                "sha256:29f99fc6125fbc931b758dc053b3114e55c77a6e4c6c3a2674a2dc986016381d",
                "sha256:f15516df478d5a56180fbf80e68f206010e6d160fc39fa508b65e035fd75130b"
            ],
            "version": "==6.7"
        },
        "colorama": {
            "hashes": [
                "sha256:463f8483208e921368c9f306094eb6f725c6ca42b0f97e313cb5d5512459feda",
                "sha256:48eb22f4f8461b1df5734a074b57042430fb06e1d61bd1e11b078c0fe6d7a1f1"
            ],
            "version": "==0.3.9"
        },
        "daiquiri": {
            "hashes": [
                "sha256:a004257e25e55b9bfbda2e1e225b4e9ff1e3038a36d427c596816b204cc89677",
                "sha256:c86b1afc6d39937f21405c3337e67174d2258e7c55834b38581c8247bd4a57a5"
            ],
            "version": "==1.3.0"
        },
        "delegator.py": {
            "hashes": [
                "sha256:b2552a818ec078f017688adb2044a86514d014d5854e5ac641ad614c357fa60b",
                "sha256:27eb1585935ee5dd297a133bf0d91edb4fe84cc5615750fbfbcd6222cc66cc2b"
            ],
            "version": "==0.0.14"
        },
        "idna": {
            "hashes": [
                "sha256:8c7309c718f94b3a625cb648ace320157ad16ff131ae0af362c9f21b80ef6ec4",
                "sha256:2c6a5de3089009e3da7c5dde64a141dbc8551d5b7f6cf4ed7c2568d0cc520a8f"
            ],
            "version": "==2.6"
        },
        "logutils": {
            "hashes": [
                "sha256:bc058a25d5c209461f134e1f03cab637d66a7a5ccc12e593db56fbb279899a82"
            ],
            "version": "==0.3.5"
        },
        "pexpect": {
            "hashes": [
                "sha256:144939a072a46d32f6e5ecc866509e1d613276781f7182148a08df52eaa7b022",
                "sha256:8e287b171dbaf249d0b06b5f2e88cb7e694651d2d0b8c15bccb83170d3c55575"
            ],
            "version": "==4.3.1"
        },
        "ptyprocess": {
            "hashes": [
                "sha256:e8c43b5eee76b2083a9badde89fd1bbce6c8942d1045146e100b7b5e014f4f1a",
                "sha256:e64193f0047ad603b71f202332ab5527c5e52aa7c8b609704fc28c0dc20c4365"
            ],
            "version": "==0.5.2"
        },
        "rainbow-logging-handler": {
            "hashes": [
                "sha256:a504c20f1e074cc7f5a5b986c08eb6fb495c9153cffb36b5fa0a587de3a8db63"
            ],
            "version": "==2.2.2"
        },
        "requests": {
            "hashes": [
                "sha256:6a1b267aa90cac58ac3a765d067950e7dbbf75b1da07e895d1f594193a40a38b",
                "sha256:9c443e7324ba5b85070c4a818ade28bfabedf16ea10206da1132edaa6dda237e"
            ],
            "version": "==2.18.4"
        },
        "urllib3": {
            "hashes": [
                "sha256:06330f386d6e4b195fbfc736b297f58c5a892e4440e54d294d7004e3a9bbea1b",
                "sha256:cc44da8e1145637334317feebd728bd869a35285b93cbb4cca2577da7e62db4f"
            ],
            "version": "==1.22"
        },
        "virtualenv": {
            "hashes": [
                "sha256:39d88b533b422825d644087a21e78c45cf5af0ef7a99a1fc9fbb7b481e5c85b0",
                "sha256:02f8102c2436bb03b3ee6dede1919d1dac8a427541652e5ec95171ec8adbc93a"
            ],
            "version": "==15.1.0"
        }
    },
    "develop": {}
}
