{
    "_meta": {
        "hash": {
            "sha256": "3e32cad5b58daa1f0f7b1ac6e4638973e5494ef71d87d76fa46d5d65313beb5b"
        },
        "pipfile-spec": 6,
        "requires": {},
        "sources": [
            {
                "name": "pypi",
                "url": "https://pypi.python.org/simple",
                "verify_ssl": true
            }
        ]
    },
    "default": {
        "autopep8": {
            "hashes": [
                "sha256:33d2b5325b7e1afb4240814fe982eea3a92ebea712869bfd08b3c0393404248c"
            ],
            "index": "pypi",
            "version": "==1.4.3"
        },
        "certifi": {
            "hashes": [
                "sha256:339dc09518b07e2fa7eda5450740925974815557727d6bd35d319c1524a04a4c",
                "sha256:6d58c986d22b038c8c0df30d639f23a3e6d172a05c3583e766f4c0b785c0986a"
            ],
            "version": "==2018.10.15"
        },
        "chardet": {
            "hashes": [
                "sha256:84ab92ed1c4d4f16916e05906b6b75a6c0fb5db821cc65e70cbd64a3e2a5eaae",
                "sha256:fc323ffcaeaed0e0a02bf4d117757b98aed530d9ed4531e3e15460124c106691"
            ],
            "version": "==3.0.4"
        },
        "click": {
            "hashes": [
                "sha256:2335065e6395b9e67ca716de5f7526736bfa6ceead690adf616d925bdc622b13",
                "sha256:5b94b49521f6456670fdb30cd82a4eca9412788a93fa6dd6df72c94d5a8ff2d7"
            ],
            "index": "pypi",
            "version": "==7.0"
        },
        "colorama": {
            "hashes": [
                "sha256:a3d89af5db9e9806a779a50296b5fdb466e281147c2c235e8225ecc6dbf7bbf3",
                "sha256:c9b54bebe91a6a803e0772c8561d53f2926bfeb17cd141fbabcb08424086595c"
            ],
            "version": "==0.4.0"
        },
        "daiquiri": {
            "hashes": [
                "sha256:8832f28e110165b905993b4bdab638a3c245f5671d5976f226f2628e7d2e7862",
                "sha256:ac0e69ac0a8c4ceabcf57f14ba4dc7b5940dc2bf9d1ee620d2ae9fa8f78c7891"
            ],
            "version": "==1.5.0"
        },
        "delegator.py": {
            "hashes": [
                "sha256:814657d96b98a244c479e3d5f6e9e850ac333e85f807d6bc846e72bbb2537806",
                "sha256:e6cc9cedab9ae59b169ee0422e17231adedadb144e63c0b5a60e6ff8adf8521b"
            ],
            "version": "==0.1.1"
        },
        "distro": {
            "hashes": [
                "sha256:224041cef9600e72d19ae41ba006e71c05c4dc802516da715d7fda55ba3d8742",
                "sha256:6ec8e539cf412830e5ccf521aecf879f2c7fcf60ce446e33cd16eef1ed8a0158"
            ],
            "version": "==1.3.0"
        },
        "idna": {
            "hashes": [
                "sha256:156a6814fb5ac1fc6850fb002e0852d56c0c8d2531923a51032d1b70760e186e",
                "sha256:684a38a6f903c1d71d6d5fac066b58d7768af4de2b832e426ec79c30daa94a16"
            ],
            "version": "==2.7"
        },
        "logutils": {
            "hashes": [
                "sha256:bc058a25d5c209461f134e1f03cab637d66a7a5ccc12e593db56fbb279899a82"
            ],
            "version": "==0.3.5"
        },
        "pexpect": {
            "hashes": [
                "sha256:2a8e88259839571d1251d278476f3eec5db26deb73a70be5ed5dc5435e418aba",
                "sha256:3fbd41d4caf27fa4a377bfd16fef87271099463e6fa73e92a52f92dfee5d425b"
            ],
            "version": "==4.6.0"
        },
        "pip-tools": {
            "hashes": [
                "sha256:31b43e5f8d605fc84f7506199025460abcb98a29d12cc99db268f73e39cf55e5",
                "sha256:b1ceca03b4a48346b2f6870565abb09d8d257d5b1524b4c6b222185bf26c3870"
            ],
            "index": "pypi",
            "version": "==3.1.0"
        },
        "pipdeptree": {
            "hashes": [
                "sha256:587cd6bb15dc552866e4886665de128ada2a59b8a3bdf4ca8189119c042f304d",
                "sha256:7d52ae367dcd3051ccf3ffa63772aaf1fceacea841b382c903eb34fefdf7854c",
                "sha256:9864d199cff666f1ac68f2b6e4db14c6147f04f31dffbfc8ad5850ec5d45d077"
            ],
            "index": "pypi",
            "version": "==0.13.1"
        },
        "ptyprocess": {
            "hashes": [
                "sha256:923f299cc5ad920c68f2bc0bc98b75b9f838b93b599941a6b63ddbc2476394c0",
                "sha256:d7cc528d76e76342423ca640335bd3633420dc1366f258cb31d05e865ef5ca1f"
            ],
            "version": "==0.6.0"
        },
        "pycodestyle": {
            "hashes": [
                "sha256:cbc619d09254895b0d12c2c691e237b2e91e9b2ecf5e84c26b35400f93dcfb83",
                "sha256:cbfca99bd594a10f674d0cd97a3d802a1fdef635d4361e1a2658de47ed261e3a"
            ],
            "version": "==2.4.0"
        },
        "pytz": {
            "hashes": [
                "sha256:31cb35c89bd7d333cd32c5f278fca91b523b0834369e757f4c5641ea252236ca",
                "sha256:8e0f8568c118d3077b46be7d654cc8167fa916092e28320cde048e54bfc9f1e6"
            ],
            "version": "==2018.7"
        },
        "rainbow-logging-handler": {
            "hashes": [
                "sha256:a504c20f1e074cc7f5a5b986c08eb6fb495c9153cffb36b5fa0a587de3a8db63"
            ],
            "index": "pypi",
            "version": "==2.2.2"
        },
        "requests": {
            "hashes": [
                "sha256:65b3a120e4329e33c9889db89c80976c5272f56ea92d3e74da8a463992e3ff54",
                "sha256:ea881206e59f41dbd0bd445437d792e43906703fff75ca8ff43ccdb11f33f263"
            ],
            "version": "==2.20.1"
        },
        "rfc5424-logging-handler": {
            "hashes": [
                "sha256:8c944b5361df53186c99723ed473c4c240def85fb13f4dcd69151baa4a9cbdda",
                "sha256:adb2228ada491ae3e83f6840768d9818763dffca506275abb03ecd5caf5b2a64"
            ],
            "version": "==1.3.0"
        },
        "sentry-sdk": {
            "hashes": [
                "sha256:3918c1fcbd0e95cc45ee6facb21af0b6198cf1f53c1aa37db64595f0c48c829c",
                "sha256:64839dc06c66785f4ef8700f2a13af650addbcc7711fdbe88031350eeb7b2db2"
            ],
            "version": "==0.5.4"
        },
        "six": {
            "hashes": [
                "sha256:70e8a77beed4562e7f14fe23a786b54f6296e34344c23bc42f07b15018ff98e9",
                "sha256:832dc0e10feb1aa2c68dcc57dbb658f1c7e65b9b61af69048abc87a2db00a0eb"
            ],
            "version": "==1.11.0"
        },
        "thoth-analyzer": {
            "hashes": [
                "sha256:607b050b84fb21cafae56c29703e179b9326d63f76f87e20b25c7e708f3dcf30",
                "sha256:f9cda99a582fab64924a4b8bd5dae3b47349ae3486d37023147235a22e896e56"
            ],
            "index": "pypi",
            "version": "==0.1.0"
        },
        "thoth-common": {
            "hashes": [
                "sha256:6b01e9d892b28068efc8cbbb41d790406aebfa47a9eed9fbcacae5f8ae66b94a",
                "sha256:cd4a757ba3a238028f22aa4e547c6a5924be53f3e6d7bb46a329e30d355524f3"
            ],
            "index": "pypi",
            "version": "==0.4.0"
        },
        "tzlocal": {
            "hashes": [
                "sha256:4ebeb848845ac898da6519b9b31879cf13b6626f7184c496037b818e238f2c4e"
            ],
            "version": "==1.5.1"
        },
        "urllib3": {
            "hashes": [
                "sha256:61bf29cada3fc2fbefad4fdf059ea4bd1b4a86d2b6d15e1c7c0b582b9752fe39",
                "sha256:de9529817c93f27c8ccbfead6985011db27bd0ddfcdb2d86f3f663385c6a9c22"
            ],
            "version": "==1.24.1"
        },
        "virtualenv": {
            "hashes": [
                "sha256:686176c23a538ecc56d27ed9d5217abd34644823d6391cbeb232f42bf722baad",
                "sha256:f899fafcd92e1150f40c8215328be38ff24b519cd95357fa6e78e006c7638208"
            ],
            "index": "pypi",
            "version": "==16.1.0"
        }
    },
    "develop": {
        "alabaster": {
            "hashes": [
                "sha256:446438bdcca0e05bd45ea2de1668c1d9b032e1a9154c2c259092d77031ddd359",
                "sha256:a661d72d58e6ea8a57f7a86e37d86716863ee5e92788398526d58b26a4e4dc02"
            ],
            "version": "==0.7.12"
        },
        "appdirs": {
            "hashes": [
                "sha256:9e5896d1372858f8dd3344faf4e5014d21849c756c8d5701f78f8a103b372d92",
                "sha256:d8b24664561d0d34ddfaec54636d502d7cea6e29c3eaf68f3df6180863e2166e"
            ],
            "version": "==1.4.3"
        },
        "astroid": {
            "hashes": [
                "sha256:0ef2bf9f07c3150929b25e8e61b5198c27b0dca195e156f0e4d5bdd89185ca1a",
                "sha256:fc9b582dba0366e63540982c3944a9230cbc6f303641c51483fa547dcc22393a"
            ],
            "version": "==1.6.5"
        },
        "autoflake": {
            "hashes": [
                "sha256:67f3886b74f8614b9696ea47eb9ce90fa808da142619e8e6da6eaf541df30e0f"
            ],
            "version": "==0.6.6"
        },
        "autopep8": {
            "hashes": [
                "sha256:33d2b5325b7e1afb4240814fe982eea3a92ebea712869bfd08b3c0393404248c"
            ],
            "index": "pypi",
            "version": "==1.4.3"
        },
        "babel": {
            "hashes": [
                "sha256:6778d85147d5d85345c14a26aada5e478ab04e39b078b0745ee6870c2b5cf669",
                "sha256:8cba50f48c529ca3fa18cf81fa9403be176d374ac4d60738b839122dfaaa3d23"
            ],
            "version": "==2.6.0"
        },
        "bandit": {
            "hashes": [
                "sha256:6102b5d6afd9d966df5054e0bdfc2e73a24d0fea400ec25f2e54c134412158d7",
                "sha256:9413facfe9de1e1bd291d525c784e1beb1a55c9916b51dae12979af63a69ba4c"
            ],
            "version": "==1.5.1"
        },
        "certifi": {
            "hashes": [
                "sha256:339dc09518b07e2fa7eda5450740925974815557727d6bd35d319c1524a04a4c",
                "sha256:6d58c986d22b038c8c0df30d639f23a3e6d172a05c3583e766f4c0b785c0986a"
            ],
            "version": "==2018.10.15"
        },
        "chardet": {
            "hashes": [
                "sha256:84ab92ed1c4d4f16916e05906b6b75a6c0fb5db821cc65e70cbd64a3e2a5eaae",
                "sha256:fc323ffcaeaed0e0a02bf4d117757b98aed530d9ed4531e3e15460124c106691"
            ],
            "version": "==3.0.4"
        },
        "click": {
            "hashes": [
                "sha256:2335065e6395b9e67ca716de5f7526736bfa6ceead690adf616d925bdc622b13",
                "sha256:5b94b49521f6456670fdb30cd82a4eca9412788a93fa6dd6df72c94d5a8ff2d7"
            ],
            "index": "pypi",
            "version": "==7.0"
        },
        "cmakelint": {
            "hashes": [
                "sha256:ef26092f764ae5b4dfb46ba54d0ea447a41802ede483075014bd2f73279567b9"
            ],
            "version": "==1.3.4.1"
        },
        "coala": {
            "hashes": [
                "sha256:2029886b381451d7641e6a17af2c72a0a7909d9ce1a0ffef2ed4c1dfdc706134",
                "sha256:cd4beff47de084b22802b47a74b1027c96b68e0989cacb4a9c2a39b9a912bf0e"
            ],
            "version": "==0.11.0"
        },
        "coala-bears": {
            "hashes": [
                "sha256:51d6c9caf6a14836c39a55e8b2b0a16bebc1c4ffe6fc2875f79599ae82836c35",
                "sha256:f67fdaa261d08f5edc7679994f6013c46b2b59ef1d1d09dfd778d9a58af1bb03"
            ],
            "index": "pypi",
            "version": "==0.11.1"
        },
        "coala-utils": {
            "hashes": [
                "sha256:e641611e00e055e5d0ef1640179540a2c5a1604dcc629d103acd979e7c75c549"
            ],
            "version": "==0.6.7"
        },
        "colorama": {
            "hashes": [
                "sha256:a3d89af5db9e9806a779a50296b5fdb466e281147c2c235e8225ecc6dbf7bbf3",
                "sha256:c9b54bebe91a6a803e0772c8561d53f2926bfeb17cd141fbabcb08424086595c"
            ],
            "version": "==0.4.0"
        },
        "colorlog": {
            "hashes": [
                "sha256:188a8f47b797fdf001891b5a55263789a2fda0ba7ba4c44f12741d0a8d5e9e03",
                "sha256:229cd0794a19d8f33b2b4a4b70e1225b6c010af96c2dc8615279abbc1bb3929a"
            ],
            "version": "==2.10.0"
        },
        "cppclean": {
            "hashes": [
                "sha256:59605ea292485f8e19b36b375dc4371443645b03da3798c7b8f00f9babc6e016"
            ],
            "version": "==0.12"
        },
        "cpplint": {
            "hashes": [
                "sha256:6876139c3944c6dc84cc9095b6c4be3c5397b534b0c00230ba59c4b893936719"
            ],
            "version": "==1.3.0"
        },
        "decorator": {
            "hashes": [
                "sha256:2c51dff8ef3c447388fe5e4453d24a2bf128d3a4c32af3fabef1f01c6851ab82",
                "sha256:c39efa13fbdeb4506c476c9b3babf6a718da943dab7811c206005a4a956c080c"
            ],
            "version": "==4.3.0"
        },
        "dennis": {
            "hashes": [
                "sha256:8c942dd5da7d03c65daebc069c5ee5c7f1374ac9b0c8c89c627caa66fe822604",
                "sha256:f6487392ac91800c5f0684a99b404b7fd0f72ceb48faeb5a0ce4e2c24fb62d3f"
            ],
            "version": "==0.9"
        },
        "dependency-management": {
            "hashes": [
                "sha256:5033e7e1b0d666827c7d5b8effdc350f936a0edcdf733d758de0bc0fed0ccffb",
                "sha256:f0c43082df3d47f6459fb89ea06edc800f183febb564a49fdb46d1bf4becaa60"
            ],
            "version": "==0.4.0"
        },
        "docopt": {
            "hashes": [
                "sha256:49b3a825280bd66b3aa83585ef59c4a8c82f2c8a522dbe754a8bc8d08c85c491"
            ],
            "version": "==0.6.2"
        },
        "docutils": {
            "hashes": [
                "sha256:02aec4bd92ab067f6ff27a38a38a41173bf01bed8f89157768c1573f53e474a6",
                "sha256:51e64ef2ebfb29cae1faa133b3710143496eca21c530f3f71424d77687764274",
                "sha256:7a4bd47eaf6596e1295ecb11361139febe29b084a87bf005bf899f9a42edc3c6"
            ],
            "version": "==0.14"
        },
        "eradicate": {
            "hashes": [
                "sha256:614386082723d1ee942feff41ba3e8aaaf4e06ffb0c032f8fb7d584eeb3ea7c3"
            ],
            "version": "==0.1.6"
        },
        "future": {
            "hashes": [
                "sha256:67045236dcfd6816dc439556d009594abf643e5eb48992e36beac09c2ca659b8"
            ],
            "version": "==0.17.1"
        },
        "gitdb2": {
            "hashes": [
                "sha256:83361131a1836661a155172932a13c08bda2db3674e4caa32368aa6eb02f38c2",
                "sha256:e3a0141c5f2a3f635c7209d56c496ebe1ad35da82fe4d3ec4aaa36278d70648a"
            ],
            "version": "==2.0.5"
        },
        "gitpython": {
            "hashes": [
                "sha256:563221e5a44369c6b79172f455584c9ebbb122a13368cc82cb4b5addff788f82",
                "sha256:8237dc5bfd6f1366abeee5624111b9d6879393d84745a507de0fda86043b65a8"
            ],
            "version": "==2.1.11"
        },
        "guess-language-spirit": {
            "hashes": [
                "sha256:a9b20470246bbfd1b69b055ff6459e05aa8cb5f1f1d8481350819cd7680792cc"
            ],
            "version": "==0.5.3"
        },
        "html-linter": {
            "hashes": [
                "sha256:1fedb2b0c3575023dcd7bf1c05a6ceeb650a7ea36d11411eb871b38fd92a0ed0"
            ],
            "version": "==0.3.0"
        },
        "idna": {
            "hashes": [
                "sha256:156a6814fb5ac1fc6850fb002e0852d56c0c8d2531923a51032d1b70760e186e",
                "sha256:684a38a6f903c1d71d6d5fac066b58d7768af4de2b832e426ec79c30daa94a16"
            ],
            "version": "==2.7"
        },
        "imagesize": {
            "hashes": [
                "sha256:3f349de3eb99145973fefb7dbe38554414e5c30abd0c8e4b970a7c9d09f3a1d8",
                "sha256:f3832918bc3c66617f92e35f5d70729187676313caa60c187eb0f28b8fe5e3b5"
            ],
            "version": "==1.1.0"
        },
        "ipython-genutils": {
            "hashes": [
                "sha256:72dd37233799e619666c9f639a9da83c34013a73e8bbc79a7a6348d93c61fab8",
                "sha256:eb2e116e75ecef9d4d228fdc66af54269afa26ab4463042e33785b887c628ba8"
            ],
            "version": "==0.2.0"
        },
        "isort": {
            "hashes": [
                "sha256:1153601da39a25b14ddc54955dbbacbb6b2d19135386699e2ad58517953b34af",
                "sha256:b9c40e9750f3d77e6e4d441d8b0266cf555e7cdabdcff33c4fd06366ca761ef8",
                "sha256:ec9ef8f4a9bc6f71eec99e1806bfa2de401650d996c59330782b89a5555c1497"
            ],
            "version": "==4.3.4"
        },
        "jinja2": {
            "hashes": [
                "sha256:74c935a1b8bb9a3947c50a54766a969d4846290e1e788ea44c1392163723c3bd",
                "sha256:f84be1bb0040caca4cea721fcbbbbd61f9be9464ca236387158b0feea01914a4"
            ],
            "version": "==2.10"
        },
        "jsonschema": {
            "hashes": [
                "sha256:000e68abd33c972a5248544925a0cae7d1125f9bf6c58280d37546b946769a08",
                "sha256:6ff5f3180870836cae40f06fa10419f557208175f13ad7bc26caa77beb1f6e02"
            ],
            "version": "==2.6.0"
        },
        "jupyter-core": {
            "hashes": [
                "sha256:927d713ffa616ea11972534411544589976b2493fc7e09ad946e010aa7eb9970",
                "sha256:ba70754aa680300306c699790128f6fbd8c306ee5927976cbe48adacf240c0b7"
            ],
            "version": "==4.4.0"
        },
        "lazy-object-proxy": {
            "hashes": [
                "sha256:0ce34342b419bd8f018e6666bfef729aec3edf62345a53b537a4dcc115746a33",
                "sha256:1b668120716eb7ee21d8a38815e5eb3bb8211117d9a90b0f8e21722c0758cc39",
                "sha256:209615b0fe4624d79e50220ce3310ca1a9445fd8e6d3572a896e7f9146bbf019",
                "sha256:27bf62cb2b1a2068d443ff7097ee33393f8483b570b475db8ebf7e1cba64f088",
                "sha256:27ea6fd1c02dcc78172a82fc37fcc0992a94e4cecf53cb6d73f11749825bd98b",
                "sha256:2c1b21b44ac9beb0fc848d3993924147ba45c4ebc24be19825e57aabbe74a99e",
                "sha256:2df72ab12046a3496a92476020a1a0abf78b2a7db9ff4dc2036b8dd980203ae6",
                "sha256:320ffd3de9699d3892048baee45ebfbbf9388a7d65d832d7e580243ade426d2b",
                "sha256:50e3b9a464d5d08cc5227413db0d1c4707b6172e4d4d915c1c70e4de0bbff1f5",
                "sha256:5276db7ff62bb7b52f77f1f51ed58850e315154249aceb42e7f4c611f0f847ff",
                "sha256:61a6cf00dcb1a7f0c773ed4acc509cb636af2d6337a08f362413c76b2b47a8dd",
                "sha256:6ae6c4cb59f199d8827c5a07546b2ab7e85d262acaccaacd49b62f53f7c456f7",
                "sha256:7661d401d60d8bf15bb5da39e4dd72f5d764c5aff5a86ef52a042506e3e970ff",
                "sha256:7bd527f36a605c914efca5d3d014170b2cb184723e423d26b1fb2fd9108e264d",
                "sha256:7cb54db3535c8686ea12e9535eb087d32421184eacc6939ef15ef50f83a5e7e2",
                "sha256:7f3a2d740291f7f2c111d86a1c4851b70fb000a6c8883a59660d95ad57b9df35",
                "sha256:81304b7d8e9c824d058087dcb89144842c8e0dea6d281c031f59f0acf66963d4",
                "sha256:933947e8b4fbe617a51528b09851685138b49d511af0b6c0da2539115d6d4514",
                "sha256:94223d7f060301b3a8c09c9b3bc3294b56b2188e7d8179c762a1cda72c979252",
                "sha256:ab3ca49afcb47058393b0122428358d2fbe0408cf99f1b58b295cfeb4ed39109",
                "sha256:bd6292f565ca46dee4e737ebcc20742e3b5be2b01556dafe169f6c65d088875f",
                "sha256:cb924aa3e4a3fb644d0c463cad5bc2572649a6a3f68a7f8e4fbe44aaa6d77e4c",
                "sha256:d0fc7a286feac9077ec52a927fc9fe8fe2fabab95426722be4c953c9a8bede92",
                "sha256:ddc34786490a6e4ec0a855d401034cbd1242ef186c20d79d2166d6a4bd449577",
                "sha256:e34b155e36fa9da7e1b7c738ed7767fc9491a62ec6af70fe9da4a057759edc2d",
                "sha256:e5b9e8f6bda48460b7b143c3821b21b452cb3a835e6bbd5dd33aa0c8d3f5137d",
                "sha256:e81ebf6c5ee9684be8f2c87563880f93eedd56dd2b6146d8a725b50b7e5adb0f",
                "sha256:eb91be369f945f10d3a49f5f9be8b3d0b93a4c2be8f8a5b83b0571b8123e0a7a",
                "sha256:f460d1ceb0e4a5dcb2a652db0904224f367c9b3c1470d5a7683c0480e582468b"
            ],
            "version": "==1.3.1"
        },
        "libclang-py3": {
            "hashes": [
                "sha256:e267c3450765a8645ab160b3aad6b3b9e5adcd471325f5e65cc20206a8265027"
            ],
            "version": "==3.4.0"
        },
        "mando": {
            "hashes": [
                "sha256:4626fe3d74bb23e3a64dda59843d1641f0bf01097f61ff817d3f2e1db21cb4b3",
                "sha256:ef1e10b7004b84c41cb272516640f1d387fcd1e16ba48fb96d6a6eba131faef3"
            ],
            "version": "==0.3.3"
        },
        "markupsafe": {
            "hashes": [
                "sha256:048ef924c1623740e70204aa7143ec592504045ae4429b59c30054cb31e3c432",
                "sha256:130f844e7f5bdd8e9f3f42e7102ef1d49b2e6fdf0d7526df3f87281a532d8c8b",
                "sha256:19f637c2ac5ae9da8bfd98cef74d64b7e1bb8a63038a3505cd182c3fac5eb4d9",
                "sha256:1b8a7a87ad1b92bd887568ce54b23565f3fd7018c4180136e1cf412b405a47af",
                "sha256:1c25694ca680b6919de53a4bb3bdd0602beafc63ff001fea2f2fc16ec3a11834",
                "sha256:1f19ef5d3908110e1e891deefb5586aae1b49a7440db952454b4e281b41620cd",
                "sha256:1fa6058938190ebe8290e5cae6c351e14e7bb44505c4a7624555ce57fbbeba0d",
                "sha256:31cbb1359e8c25f9f48e156e59e2eaad51cd5242c05ed18a8de6dbe85184e4b7",
                "sha256:3e835d8841ae7863f64e40e19477f7eb398674da6a47f09871673742531e6f4b",
                "sha256:4e97332c9ce444b0c2c38dd22ddc61c743eb208d916e4265a2a3b575bdccb1d3",
                "sha256:525396ee324ee2da82919f2ee9c9e73b012f23e7640131dd1b53a90206a0f09c",
                "sha256:52b07fbc32032c21ad4ab060fec137b76eb804c4b9a1c7c7dc562549306afad2",
                "sha256:52ccb45e77a1085ec5461cde794e1aa037df79f473cbc69b974e73940655c8d7",
                "sha256:5c3fbebd7de20ce93103cb3183b47671f2885307df4a17a0ad56a1dd51273d36",
                "sha256:5e5851969aea17660e55f6a3be00037a25b96a9b44d2083651812c99d53b14d1",
                "sha256:5edfa27b2d3eefa2210fb2f5d539fbed81722b49f083b2c6566455eb7422fd7e",
                "sha256:7d263e5770efddf465a9e31b78362d84d015cc894ca2c131901a4445eaa61ee1",
                "sha256:83381342bfc22b3c8c06f2dd93a505413888694302de25add756254beee8449c",
                "sha256:857eebb2c1dc60e4219ec8e98dfa19553dae33608237e107db9c6078b1167856",
                "sha256:98e439297f78fca3a6169fd330fbe88d78b3bb72f967ad9961bcac0d7fdd1550",
                "sha256:bf54103892a83c64db58125b3f2a43df6d2cb2d28889f14c78519394feb41492",
                "sha256:d9ac82be533394d341b41d78aca7ed0e0f4ba5a2231602e2f05aa87f25c51672",
                "sha256:e982fe07ede9fada6ff6705af70514a52beb1b2c3d25d4e873e82114cf3c5401",
                "sha256:edce2ea7f3dfc981c4ddc97add8a61381d9642dc3273737e756517cc03e84dd6",
                "sha256:efdc45ef1afc238db84cb4963aa689c0408912a0239b0721cb172b4016eb31d6",
                "sha256:f137c02498f8b935892d5c0172560d7ab54bc45039de8805075e19079c639a9c",
                "sha256:f82e347a72f955b7017a39708a3667f106e6ad4d10b25f237396a7115d8ed5fd",
                "sha256:fb7c206e01ad85ce57feeaaa0bf784b97fa3cad0d4a5737bc5295785f5c613a1"
            ],
            "version": "==1.1.0"
        },
        "mccabe": {
            "hashes": [
                "sha256:ab8a6258860da4b6677da4bd2fe5dc2c659cff31b3ee4f7f5d64e79735b80d42",
                "sha256:dd8d182285a0fe56bace7f45b5e7d1a6ebcbf524e8f3bd87eb0f125271b8831f"
            ],
            "version": "==0.6.1"
        },
        "munkres3": {
            "hashes": [
                "sha256:cd2e0570e564801127ebe54c442ea02c87472a2e530fc65d8bab4d779f4ff299",
                "sha256:f7c110d39296b580458bf0dc8cbc1c461c4d7525da243f4dcc3f3897b125cccf"
            ],
            "version": "==1.0.5.5"
        },
        "mypy-lang": {
            "hashes": [
                "sha256:65322cf3466282947184271792b9f63153872896e958047708d8927864f4fb19"
            ],
            "version": "==0.4.6"
        },
        "nbformat": {
            "hashes": [
                "sha256:b9a0dbdbd45bb034f4f8893cafd6f652ea08c8c1674ba83f2dc55d3955743b0b",
                "sha256:f7494ef0df60766b7cabe0a3651556345a963b74dbc16bc7c18479041170d402"
            ],
            "version": "==4.4.0"
        },
        "nltk": {
            "hashes": [
                "sha256:fe0eda251be65843be86d7de9abfbf7161732256f742e623b21243ec47bdb718"
            ],
            "version": "==3.3.0"
        },
        "packaging": {
            "hashes": [
                "sha256:0886227f54515e592aaa2e5a553332c73962917f2831f1b0f9b9f4380a4b9807",
                "sha256:f95a1e147590f204328170981833854229bb2912ac3d5f89e2a8ccd2834800c9"
            ],
            "version": "==18.0"
        },
        "pbr": {
            "hashes": [
                "sha256:f59d71442f9ece3dffc17bc36575768e1ee9967756e6b6535f0ee1f0054c3d68",
                "sha256:f6d5b23f226a2ba58e14e49aa3b1bfaf814d0199144b95d78458212444de1387"
            ],
            "version": "==5.1.1"
        },
        "polib": {
            "hashes": [
                "sha256:93b730477c16380c9a96726c54016822ff81acfa553977fdd131f2b90ba858d7",
                "sha256:fad87d13696127ffb27ea0882d6182f1a9cf8a5e2b37a587751166c51e5a332a"
            ],
            "version": "==1.1.0"
        },
        "proselint": {
            "hashes": [
                "sha256:094d808d44bf1a60dcb1465749be5cc44f4f6c146c04bc5f28976a833786e830",
                "sha256:ec886ae96bd9eb51994d1fd44d94e937868171abd5f7a8e0066307c3e8591f85"
            ],
            "version": "==0.7.0"
        },
        "pycodestyle": {
            "hashes": [
                "sha256:cbc619d09254895b0d12c2c691e237b2e91e9b2ecf5e84c26b35400f93dcfb83",
                "sha256:cbfca99bd594a10f674d0cd97a3d802a1fdef635d4361e1a2658de47ed261e3a"
            ],
            "version": "==2.4.0"
        },
        "pydocstyle": {
            "hashes": [
                "sha256:20939fb9c2d61a9870449573d9ed762ec040c764b2241bec22c5ea956b9caf90",
                "sha256:f808d8fc23952fe93c2d85598732bfa854cb5ee8a25f8191f60600710f898e8d"
            ],
            "version": "==1.1.1"
        },
        "pyflakes": {
            "hashes": [
                "sha256:05c8a1702088e9b54acb422f78210afc6074b3472afa7a0a77f0b8aa3f5db605",
                "sha256:a3ecf40567dc470c006c19abbac9c8b4a77a8a5a01e975bb6452b8814818ad3f"
            ],
            "version": "==1.4.0"
        },
        "pygments": {
            "hashes": [
                "sha256:78f3f434bcc5d6ee09020f92ba487f95ba50f1e3ef83ae96b9d5ffa1bab25c5d",
                "sha256:dbae1046def0efb574852fab9e90209b23f556367b5a320c0bcb871c77c3e8cc"
            ],
            "version": "==2.2.0"
        },
        "pylint": {
            "hashes": [
                "sha256:09bc539f85706f2cca720a7ddf28f5c6cf8185708d6cb5bbf7a90a32c3b3b0aa",
                "sha256:b8471105f12c73a1b9eee2bb2474080370e062a7290addd215eb34bc4dfe9fd8"
            ],
            "version": "==1.9.3"
        },
        "pyparsing": {
            "hashes": [
                "sha256:40856e74d4987de5d01761a22d1621ae1c7f8774585acae358aa5c5936c6c90b",
                "sha256:f353aab21fd474459d97b709e527b5571314ee5f067441dc9f88e33eecd96592"
            ],
            "version": "==2.3.0"
        },
        "pyprint": {
            "hashes": [
                "sha256:c68976963bad16f15aa52e7734666012700c5dfbab604656867fa53ad7a2fe5d",
                "sha256:fa0e1c140b392b76f2028543fa70bae47900120282b119859cdde664d167b0e2"
            ],
            "version": "==0.2.6"
        },
        "pyroma": {
            "hashes": [
                "sha256:d3fd8055687c51f8cb704048d6432ecca8fb5513a9c2db857fc6617a095aaa50"
            ],
            "version": "==2.2"
        },
        "pytz": {
            "hashes": [
                "sha256:31cb35c89bd7d333cd32c5f278fca91b523b0834369e757f4c5641ea252236ca",
                "sha256:8e0f8568c118d3077b46be7d654cc8167fa916092e28320cde048e54bfc9f1e6"
            ],
            "version": "==2018.7"
        },
        "pyyaml": {
            "hashes": [
                "sha256:3d7da3009c0f3e783b2c873687652d83b1bbfd5c88e9813fb7e5b03c0dd3108b",
                "sha256:3ef3092145e9b70e3ddd2c7ad59bdd0252a94dfe3949721633e41344de00a6bf",
                "sha256:40c71b8e076d0550b2e6380bada1f1cd1017b882f7e16f09a65be98e017f211a",
                "sha256:558dd60b890ba8fd982e05941927a3911dc409a63dcb8b634feaa0cda69330d3",
                "sha256:a7c28b45d9f99102fa092bb213aa12e0aaf9a6a1f5e395d36166639c1f96c3a1",
                "sha256:aa7dd4a6a427aed7df6fb7f08a580d68d9b118d90310374716ae90b710280af1",
                "sha256:bc558586e6045763782014934bfaf39d48b8ae85a2713117d16c39864085c613",
                "sha256:d46d7982b62e0729ad0175a9bc7e10a566fc07b224d2c79fafb5e032727eaa04",
                "sha256:d5eef459e30b09f5a098b9cea68bebfeb268697f78d647bd255a085371ac7f3f",
                "sha256:e01d3203230e1786cd91ccfdc8f8454c8069c91bee3962ad93b87a4b2860f537",
                "sha256:e170a9e6fcfd19021dd29845af83bb79236068bf5fd4df3327c1be18182b2531"
            ],
            "version": "==3.13"
        },
        "radon": {
            "hashes": [
                "sha256:035d6918f8d246ef70083993be70d1440a29701f403fe76c38595a45274b5063",
                "sha256:a9f9171e69b6b57d5f8e58f89c76a79d7e09d790cc8fff0f95cd4c946e8cee8e"
            ],
            "version": "==1.4.0"
        },
        "requests": {
            "hashes": [
                "sha256:65b3a120e4329e33c9889db89c80976c5272f56ea92d3e74da8a463992e3ff54",
                "sha256:ea881206e59f41dbd0bd445437d792e43906703fff75ca8ff43ccdb11f33f263"
            ],
            "version": "==2.20.1"
        },
        "restructuredtext-lint": {
            "hashes": [
                "sha256:e29dae3888168ff3813d34f554376fe4c58b6be2200dc1ced9cfea0e687b8b78"
            ],
            "version": "==1.0.1"
        },
        "rstcheck": {
            "hashes": [
                "sha256:cd3a1ce114a5f5a088caa8e4427dc03bc46d3332dd2b1153ef1184cd9eeabbcd"
            ],
            "version": "==2.2"
        },
        "safety": {
            "hashes": [
                "sha256:24035999031ad5f5f75df310abe4ecbb832b6de869752dc8abe52908a6878d29",
                "sha256:d7135e2934da57a64d9ad2d34854acc3d05075df91b6e2eddadd868ec6886573"
            ],
            "version": "==0.5.1"
        },
        "sarge": {
            "hashes": [
                "sha256:da8cc90883f8e5ab4af0d746438f608662f5f2a35da2e858517927edefa134b0"
            ],
            "version": "==0.1.5.post0"
        },
        "scspell3k": {
            "hashes": [
                "sha256:a9899a8ad22a1d31a023475fc9a974fbc710bd9e92799606e25eac3d2338b709"
            ],
            "version": "==2.1"
        },
        "six": {
            "hashes": [
                "sha256:70e8a77beed4562e7f14fe23a786b54f6296e34344c23bc42f07b15018ff98e9",
                "sha256:832dc0e10feb1aa2c68dcc57dbb658f1c7e65b9b61af69048abc87a2db00a0eb"
            ],
            "version": "==1.11.0"
        },
        "smmap2": {
            "hashes": [
                "sha256:0555a7bf4df71d1ef4218e4807bbf9b201f910174e6e08af2e138d4e517b4dde",
                "sha256:29a9ffa0497e7f2be94ca0ed1ca1aa3cd4cf25a1f6b4f5f87f74b46ed91d609a"
            ],
            "version": "==2.0.5"
        },
        "snowballstemmer": {
            "hashes": [
                "sha256:919f26a68b2c17a7634da993d91339e288964f93c274f1343e3bbbe2096e1128",
                "sha256:9f3bcd3c401c3e862ec0ebe6d2c069ebc012ce142cce209c098ccb5b09136e89"
            ],
            "version": "==1.2.1"
        },
        "sphinx": {
            "hashes": [
                "sha256:82cd2728c906be96e307b81352d3fd9fb731869234c6b835cc25e9a3dfb4b7e4",
                "sha256:b83f430200f546bfd5088c653f0c5516af708da36066dfde08d08bedb1b33a4b"
            ],
            "version": "==1.4.9"
        },
        "stevedore": {
            "hashes": [
                "sha256:b92bc7add1a53fb76c634a178978d113330aaf2006f9498d9e2414b31fbfc104",
                "sha256:c58b7c231a9c4890cd3c2b5d2b23bd63fa807ff934d68579e3f6c3a1735e8a7c"
            ],
            "version": "==1.30.0"
        },
        "template-remover": {
            "hashes": [
                "sha256:480f1ce63f56affac1edb29356afcca1260e8409cd928fcf9438fc149df5ff41"
            ],
            "version": "==0.1.9"
        },
        "termcolor": {
            "hashes": [
                "sha256:1d6d69ce66211143803fbc56652b41d73b4a400a2891d7bf7a1cdf4c02de613b"
            ],
            "version": "==1.1.0"
        },
        "traitlets": {
            "hashes": [
                "sha256:9c4bd2d267b7153df9152698efb1050a5d84982d3384a37b2c1f7723ba3e7835",
                "sha256:c6cb5e6f57c5a9bdaa40fa71ce7b4af30298fbab9ece9815b5d995ab6217c7d9"
            ],
            "version": "==4.3.2"
        },
        "unidiff": {
            "hashes": [
                "sha256:6e7ff4be1a9cd8d72197cd15ec735260b8b95d6f9d3e6fdc8a37301b12af0b27",
                "sha256:9c9ab5fb96b6988b4cd5def6b275492442c04a570900d33aa6373105780025bc"
            ],
            "version": "==0.5.5"
        },
        "urllib3": {
            "hashes": [
                "sha256:61bf29cada3fc2fbefad4fdf059ea4bd1b4a86d2b6d15e1c7c0b582b9752fe39",
                "sha256:de9529817c93f27c8ccbfead6985011db27bd0ddfcdb2d86f3f663385c6a9c22"
            ],
            "version": "==1.24.1"
        },
        "vulture": {
            "hashes": [
                "sha256:9c2dc36b84f3729361990b4488b7fde1cbe5afb9e3b59456aafc6928684fcd4b"
            ],
            "version": "==0.10"
        },
        "wrapt": {
            "hashes": [
                "sha256:d4d560d479f2c21e1b5443bbd15fe7ec4b37fe7e53d335d3b9b0a7b1226fe3c6"
            ],
            "version": "==1.10.11"
        },
        "yamllint": {
            "hashes": [
                "sha256:1c1fde0588308b6e01c27c750368bf47f44c5efade99d64dd5bce099862c97b9",
                "sha256:6d6cc4d6545aa40a0edc9039d63ce0828cd50d273c775e7df2092c9b28c15ed4"
            ],
            "version": "==1.6.1"
        },
        "yapf": {
            "hashes": [
                "sha256:4c00a1a97577119369f7a71f4f5c5e536315a9f9b07307e478508ed8d12ff596",
                "sha256:91888478e79277352e4fa7c0ddc0a6fe00a51c0d41322ab5ff3c44e66a918b14"
            ],
            "version": "==0.14.0"
        }
    }
}
